lockfileVersion: '9.0'

settings:
  autoInstallPeers: true
  excludeLinksFromLockfile: false

importers:

  .:
    devDependencies:
      aws-cdk:
        specifier: 2.1128.0
        version: 2.1128.0

packages:

  aws-cdk@2.1128.0:
    resolution: {integrity: sha512-CXPl6Yu0gDqrS2GYDPoMCQbdJFS0tupzN8nuaTku3fewTdQJhHGK/2QpwMV/mVgsTTHB9riXT3Zt/k4trh8tCw==}
    engines: {node: '>= 18.0.0'}
    hasBin: true

snapshots:

  aws-cdk@2.1128.0: {}
