lockfileVersion: '9.0'

settings:
  autoInstallPeers: true
  excludeLinksFromLockfile: false

importers:

  .:
    dependencies:
      aws-cdk-lib:
        specifier: ^2.169.0
        version: 2.263.0(constructs@10.8.0)
      constructs:
        specifier: ^10.0.0
        version: 10.8.0
    devDependencies:
      '@types/node':
        specifier: ^20.0.0
        version: 20.19.43
      aws-cdk:
        specifier: ^2.1112.0
        version: 2.1134.0
      typescript:
        specifier: ^5.0.0
        version: 5.9.3

packages:

  '@aws-cdk/asset-awscli-v1@2.2.282':
    resolution: {integrity: sha512-7hKMi5tTxDcKGIMIOq14PnY0GBcugW33Uh/2YHDZiEwSxLeFOCYBwhR+BFXONb/EJeVI3RETFgailNZbkcKF6g==}

  '@aws-cdk/asset-node-proxy-agent-v6@2.1.2':
    resolution: {integrity: sha512-pDiuqH+qY3zM9lhhLjbKJ1tnKOHzQ2V4Wr/3qsxyKeKAkuPMI/BVGvZG1PbrikUw949cGVTfVEt4ETKKYnrj0Q==}

  '@aws-cdk/cloud-assembly-schema@54.15.0':
    resolution: {integrity: sha512-eWdbH+SRmxeTSyECibUdP4MkRqhoXJ7GMFiHJgIt5081sU4D42tsNmwe8rPHQHyFXRTwauxdLNdhJeykOv8+Cg==}
    engines: {node: '>= 18.0.0'}
    bundledDependencies:
      - jsonschema
      - semver

  '@types/node@20.19.43':
    resolution: {integrity: sha512-6oYBAi5ikg4Pl+kGsoYtawUMBT2zZMCvPNF7pVLnHZfd1zf38DRiWn/gT01RYCdUqkv7Fhr+C9ot4/tb+2sVvA==}

  aws-cdk-lib@2.263.0:
    resolution: {integrity: sha512-cXC9wnOr+LknMee9x0kYwofgVs8aN8eBKsbzcE90sDUtpLTgWG2Bd+9koqxBKPeIU8kig/GGBFwJ69Wr+hLKDg==}
    engines: {node: '>= 20.0.0'}
    peerDependencies:
      constructs: ^10.5.0
    bundledDependencies:
      - '@aws/cloudformation-validate'
      - '@balena/dockerignore'
      - '@aws-cdk/cloud-assembly-api'
      - case
      - fs-extra
      - ignore
      - jsonschema
      - minimatch
      - punycode
      - semver
      - yaml
      - mime-types

  aws-cdk@2.1134.0:
    resolution: {integrity: sha512-Fy/g+gdpMpkhAAoCNlZtX0s4mD7q58bHlDV6QfbnTeifmQ5cEge26c5rB+U4qKB/bDudxNuJjQk/mSSk0ysnug==}
    engines: {node: '>= 18.0.0'}
    hasBin: true

  constructs@10.8.0:
    resolution: {integrity: sha512-pJHp2CxvTG0ttp52rZvQfkbspPLZzttWPooIRLBwlZK8rV7ZhkjIkyZWJhIfBDC4YdcwIDmXyUFr1ieJaqjBbg==}

  typescript@5.9.3:
    resolution: {integrity: sha512-jl1vZzPDinLr9eUt3J/t7V6FgNEw9QjvBPdysz9KfQDD41fQrC2Y4vKQdiaUpFT4bXlb1RHhLpp8wtm6M5TgSw==}
    engines: {node: '>=14.17'}
    hasBin: true

  undici-types@6.21.0:
    resolution: {integrity: sha512-iwDZqg0QAGrg9Rav5H4n0M64c3mkR59cJ6wQp+7C4nI0gsmExaedaYLNO44eT4AtBBwjbTiGPMlt2Md0T9H9JQ==}

snapshots:

  '@aws-cdk/asset-awscli-v1@2.2.282': {}

  '@aws-cdk/asset-node-proxy-agent-v6@2.1.2': {}

  '@aws-cdk/cloud-assembly-schema@54.15.0': {}

  '@types/node@20.19.43':
    dependencies:
      undici-types: 6.21.0

  aws-cdk-lib@2.263.0(constructs@10.8.0):
    dependencies:
      '@aws-cdk/asset-awscli-v1': 2.2.282
      '@aws-cdk/asset-node-proxy-agent-v6': 2.1.2
      '@aws-cdk/cloud-assembly-schema': 54.15.0
      constructs: 10.8.0

  aws-cdk@2.1134.0: {}

  constructs@10.8.0: {}

  typescript@5.9.3: {}

  undici-types@6.21.0: {}
