lockfileVersion: '9.0'

settings:
  autoInstallPeers: true
  excludeLinksFromLockfile: false

importers:

  .:
    dependencies:
      aws-cdk-lib:
        specifier: ^2.169.0
        version: 2.253.1(constructs@10.6.0)
      constructs:
        specifier: ^10.0.0
        version: 10.6.0
    devDependencies:
      '@types/node':
        specifier: ^20.0.0
        version: 20.19.40
      aws-cdk:
        specifier: ^2.1112.0
        version: 2.1121.0
      typescript:
        specifier: ^5.0.0
        version: 5.9.3

packages:

  '@aws-cdk/asset-awscli-v1@2.2.273':
    resolution: {integrity: sha512-X57HYUtHt9BQrlrzUNcMyRsDUCoakYNnY6qh5lNwRCHPtQoTfXmuISkfLk0AjLkcbS5lw1LLTQFiQhTDXfiTvg==}

  '@aws-cdk/asset-node-proxy-agent-v6@2.1.1':
    resolution: {integrity: sha512-We4bmHaowOPHr+IQR4/FyTGjRfjgBj4ICMjtqmJeBDWad3Q/6St12NT07leNtyuukv2qMhtSZJQorD8KpKTwRA==}

  '@aws-cdk/cloud-assembly-schema@53.22.0':
    resolution: {integrity: sha512-2GLhjjf7Db697rRyYt6rjN06fwbBIiewPo/jxSCyUN259ejF7NQQRwvrdAQb9Aq2jPaIIp1cfHSoEdXyA6Bb7Q==}
    engines: {node: '>= 18.0.0'}
    bundledDependencies:
      - jsonschema
      - semver

  '@types/node@20.19.40':
    resolution: {integrity: sha512-xxx6M2IpSTnnKcR0cMvIiohkiCx20/oRPtWGbenFygKCGl3zqUzdNjQ/1V4solq1LU+dgv0nQzeGOuqkqZGg0Q==}

  aws-cdk-lib@2.253.1:
    resolution: {integrity: sha512-vy+hA15/ZfSQpivkNdlIn2ZDA2hesp3WJgmtIZJDFwu6xzwv7wH7glbAdu5xCHGcOjepOaTKZSvCPC6sN+0/Vw==}
    engines: {node: '>= 20.0.0'}
    peerDependencies:
      constructs: ^10.5.0
    bundledDependencies:
      - '@balena/dockerignore'
      - '@aws-cdk/cloud-assembly-api'
      - case
      - fs-extra
      - ignore
      - jsonschema
      - minimatch
      - punycode
      - semver
      - table
      - yaml
      - mime-types

  aws-cdk@2.1121.0:
    resolution: {integrity: sha512-cG7CHt/SytYTfwrK+BUNQpqmS1dwhjt8z6ExKL6GK4n+8/6ZCwFzxlZWA/jUd2+Y9xPc+Q8cLKfMqGmgxEXbkg==}
    engines: {node: '>= 18.0.0'}
    hasBin: true

  constructs@10.6.0:
    resolution: {integrity: sha512-TxHOnBO5zMo/G76ykzGF/wMpEHu257TbWiIxP9K0Yv/+t70UzgBQiTqjkAsWOPC6jW91DzJI0+ehQV6xDRNBuQ==}

  typescript@5.9.3:
    resolution: {integrity: sha512-jl1vZzPDinLr9eUt3J/t7V6FgNEw9QjvBPdysz9KfQDD41fQrC2Y4vKQdiaUpFT4bXlb1RHhLpp8wtm6M5TgSw==}
    engines: {node: '>=14.17'}
    hasBin: true

  undici-types@6.21.0:
    resolution: {integrity: sha512-iwDZqg0QAGrg9Rav5H4n0M64c3mkR59cJ6wQp+7C4nI0gsmExaedaYLNO44eT4AtBBwjbTiGPMlt2Md0T9H9JQ==}

snapshots:

  '@aws-cdk/asset-awscli-v1@2.2.273': {}

  '@aws-cdk/asset-node-proxy-agent-v6@2.1.1': {}

  '@aws-cdk/cloud-assembly-schema@53.22.0': {}

  '@types/node@20.19.40':
    dependencies:
      undici-types: 6.21.0

  aws-cdk-lib@2.253.1(constructs@10.6.0):
    dependencies:
      '@aws-cdk/asset-awscli-v1': 2.2.273
      '@aws-cdk/asset-node-proxy-agent-v6': 2.1.1
      '@aws-cdk/cloud-assembly-schema': 53.22.0
      constructs: 10.6.0

  aws-cdk@2.1121.0: {}

  constructs@10.6.0: {}

  typescript@5.9.3: {}

  undici-types@6.21.0: {}
